
Microsoft Visual Studio Solution File, Format Version 12.00
# Visual Studio 15
VisualStudioVersion = 15.0.28010.2048
MinimumVisualStudioVersion = 10.0.40219.1
Project("{FAE04EC0-301F-11D3-BF4B-00C04F79EFBC}") = "adventcode2017-2", "adventcode2017-2\adventcode2017-2.csproj", "{741F6479-3698-41EA-BE13-1266DA36B595}"
EndProject
Global
	GlobalSection(SolutionConfigurationPlatforms) = preSolution
		Debug|Any CPU = Debug|Any CPU
		Release|Any CPU = Release|Any CPU
	EndGlobalSection
	GlobalSection(ProjectConfigurationPlatforms) = postSolution
		{741F6479-3698-41EA-BE13-1266DA36B595}.Debug|Any CPU.ActiveCfg = Debug|Any CPU
		{741F6479-3698-41EA-BE13-1266DA36B595}.Debug|Any CPU.Build.0 = Debug|Any CPU
		{741F6479-3698-41EA-BE13-1266DA36B595}.Release|Any CPU.ActiveCfg = Release|Any CPU
		{741F6479-3698-41EA-BE13-1266DA36B595}.Release|Any CPU.Build.0 = Release|Any CPU
	EndGlobalSection
	GlobalSection(SolutionProperties) = preSolution
		HideSolutionNode = FALSE
	EndGlobalSection
	GlobalSection(ExtensibilityGlobals) = postSolution
		SolutionGuid = {FE49503F-C42C-4E44-9D85-4F5EA6917A5C}
	EndGlobalSection
EndGlobal
